
Microsoft Visual Studio Solution File, Format Version 12.00
# Visual Studio Version 17
VisualStudioVersion = 17.4.33213.308
MinimumVisualStudioVersion = 10.0.40219.1
Project("{FAE04EC0-301F-11D3-BF4B-00C04F79EFBC}") = "StudentManagementSystemAPI", "StudentManagementSystemAPI\StudentManagementSystemAPI.csproj", "{4038EB2C-6AA5-4BCD-8CEB-C6B711160998}"
EndProject
Global
	GlobalSection(SolutionConfigurationPlatforms) = preSolution
		Debug|Any CPU = Debug|Any CPU
		Release|Any CPU = Release|Any CPU
	EndGlobalSection
	GlobalSection(ProjectConfigurationPlatforms) = postSolution
		{4038EB2C-6AA5-4BCD-8CEB-C6B711160998}.Debug|Any CPU.ActiveCfg = Debug|Any CPU
		{4038EB2C-6AA5-4BCD-8CEB-C6B711160998}.Debug|Any CPU.Build.0 = Debug|Any CPU
		{4038EB2C-6AA5-4BCD-8CEB-C6B711160998}.Release|Any CPU.ActiveCfg = Release|Any CPU
		{4038EB2C-6AA5-4BCD-8CEB-C6B711160998}.Release|Any CPU.Build.0 = Release|Any CPU
	EndGlobalSection
	GlobalSection(SolutionProperties) = preSolution
		HideSolutionNode = FALSE
	EndGlobalSection
	GlobalSection(ExtensibilityGlobals) = postSolution
		SolutionGuid = {D644DC65-DB48-4A2E-B731-BAE7FA82DB6B}
	EndGlobalSection
EndGlobal
