
Microsoft Visual Studio Solution File, Format Version 12.00
# Visual Studio Version 17
VisualStudioVersion = 17.4.33213.308
MinimumVisualStudioVersion = 10.0.40219.1
Project("{FAE04EC0-301F-11D3-BF4B-00C04F79EFBC}") = "task1", "task1\task1.csproj", "{BEBCF26E-D701-4470-9399-ED6AC6F5068F}"
EndProject
Global
	GlobalSection(SolutionConfigurationPlatforms) = preSolution
		Debug|Any CPU = Debug|Any CPU
		Release|Any CPU = Release|Any CPU
	EndGlobalSection
	GlobalSection(ProjectConfigurationPlatforms) = postSolution
		{BEBCF26E-D701-4470-9399-ED6AC6F5068F}.Debug|Any CPU.ActiveCfg = Debug|Any CPU
		{BEBCF26E-D701-4470-9399-ED6AC6F5068F}.Debug|Any CPU.Build.0 = Debug|Any CPU
		{BEBCF26E-D701-4470-9399-ED6AC6F5068F}.Release|Any CPU.ActiveCfg = Release|Any CPU
		{BEBCF26E-D701-4470-9399-ED6AC6F5068F}.Release|Any CPU.Build.0 = Release|Any CPU
	EndGlobalSection
	GlobalSection(SolutionProperties) = preSolution
		HideSolutionNode = FALSE
	EndGlobalSection
	GlobalSection(ExtensibilityGlobals) = postSolution
		SolutionGuid = {8A39FAC9-E554-48F8-A78A-152638CBE46B}
	EndGlobalSection
EndGlobal
