
Microsoft Visual Studio Solution File, Format Version 12.00
# Visual Studio Version 17
VisualStudioVersion = 17.4.33213.308
MinimumVisualStudioVersion = 10.0.40219.1
Project("{FAE04EC0-301F-11D3-BF4B-00C04F79EFBC}") = "Electricity_bill", "Electricity_bill\Electricity_bill.csproj", "{81563A1C-74F0-45A5-97A6-E68A7BC8700D}"
EndProject
Global
	GlobalSection(SolutionConfigurationPlatforms) = preSolution
		Debug|Any CPU = Debug|Any CPU
		Release|Any CPU = Release|Any CPU
	EndGlobalSection
	GlobalSection(ProjectConfigurationPlatforms) = postSolution
		{81563A1C-74F0-45A5-97A6-E68A7BC8700D}.Debug|Any CPU.ActiveCfg = Debug|Any CPU
		{81563A1C-74F0-45A5-97A6-E68A7BC8700D}.Debug|Any CPU.Build.0 = Debug|Any CPU
		{81563A1C-74F0-45A5-97A6-E68A7BC8700D}.Release|Any CPU.ActiveCfg = Release|Any CPU
		{81563A1C-74F0-45A5-97A6-E68A7BC8700D}.Release|Any CPU.Build.0 = Release|Any CPU
	EndGlobalSection
	GlobalSection(SolutionProperties) = preSolution
		HideSolutionNode = FALSE
	EndGlobalSection
	GlobalSection(ExtensibilityGlobals) = postSolution
		SolutionGuid = {AE88443A-75D9-450D-98DC-03E1B5F67289}
	EndGlobalSection
EndGlobal
